
Microsoft Visual Studio Solution File, Format Version 12.00
# Visual Studio Version 17
VisualStudioVersion = 17.14.36429.23 d17.14
MinimumVisualStudioVersion = 10.0.40219.1
Project("{FAE04EC0-301F-11D3-BF4B-00C04F79EFBC}") = "hangfire-demo-appointments-reminder", "hangfire-demo-appointments-reminder\hangfire-demo-appointments-reminder.csproj", "{8A4F2ABA-1327-41E6-AB3F-A37422291FF2}"
EndProject
Global
	GlobalSection(SolutionConfigurationPlatforms) = preSolution
		Debug|Any CPU = Debug|Any CPU
		Release|Any CPU = Release|Any CPU
	EndGlobalSection
	GlobalSection(ProjectConfigurationPlatforms) = postSolution
		{8A4F2ABA-1327-41E6-AB3F-A37422291FF2}.Debug|Any CPU.ActiveCfg = Debug|Any CPU
		{8A4F2ABA-1327-41E6-AB3F-A37422291FF2}.Debug|Any CPU.Build.0 = Debug|Any CPU
		{8A4F2ABA-1327-41E6-AB3F-A37422291FF2}.Release|Any CPU.ActiveCfg = Release|Any CPU
		{8A4F2ABA-1327-41E6-AB3F-A37422291FF2}.Release|Any CPU.Build.0 = Release|Any CPU
	EndGlobalSection
	GlobalSection(SolutionProperties) = preSolution
		HideSolutionNode = FALSE
	EndGlobalSection
	GlobalSection(ExtensibilityGlobals) = postSolution
		SolutionGuid = {7E8C9A30-3B03-4B11-B1DD-B9D55990695A}
	EndGlobalSection
EndGlobal
